// !$*UTF8*$!
{
	archiveVersion = 1;
	classes = {
	};
	objectVersion = 46;
	objects = {

/* Begin PBXBuildFile section */
		FAF46CEF1EEEB2FC00E0D235 /* AppDelegate.swift in Sources */ = {isa = PBXBuildFile; fileRef = FAF46CEE1EEEB2FC00E0D235 /* AppDelegate.swift */; };
		FAF46CF61EEEB2FC00E0D235 /* Assets.xcassets in Resources */ = {isa = PBXBuildFile; fileRef = FAF46CF51EEEB2FC00E0D235 /* Assets.xcassets */; };
		FAF46D041EEEB5FE00E0D235 /* Main.storyboard in Resources */ = {isa = PBXBuildFile; fileRef = FAF46D021EEEB5FE00E0D235 /* Main.storyboard */; };
		FAF46D051EEEB5FE00E0D235 /* LaunchScreen.storyboard in Resources */ = {isa = PBXBuildFile; fileRef = FAF46D031EEEB5FE00E0D235 /* LaunchScreen.storyboard */; };
		FAF46D091EEEB67900E0D235 /* MainViewController.swift in Sources */ = {isa = PBXBuildFile; fileRef = FAF46D081EEEB67900E0D235 /* MainViewController.swift */; };
		FAF46D0B1EEEB6AB00E0D235 /* First.storyboard in Resources */ = {isa = PBXBuildFile; fileRef = FAF46D0A1EEEB6AB00E0D235 /* First.storyboard */; };
		FAF46D0D1EEEB6BB00E0D235 /* Second.storyboard in Resources */ = {isa = PBXBuildFile; fileRef = FAF46D0C1EEEB6BB00E0D235 /* Second.storyboard */; };
		FAF46D0F1EEEB6C800E0D235 /* Third.storyboard in Resources */ = {isa = PBXBuildFile; fileRef = FAF46D0E1EEEB6C800E0D235 /* Third.storyboard */; };
		FAF46D151EEEC55200E0D235 /* CPView.swift in Sources */ = {isa = PBXBuildFile; fileRef = FAF46D141EEEC55200E0D235 /* CPView.swift */; };
		FAF46D171EEEE6E800E0D235 /* FirstViewController.swift in Sources */ = {isa = PBXBuildFile; fileRef = FAF46D161EEEE6E800E0D235 /* FirstViewController.swift */; };
		FAF46D191EEEE6FB00E0D235 /* SecondViewController.swift in Sources */ = {isa = PBXBuildFile; fileRef = FAF46D181EEEE6FB00E0D235 /* SecondViewController.swift */; };
		FAF46D1B1EEEE70D00E0D235 /* ThirdViewController.swift in Sources */ = {isa = PBXBuildFile; fileRef = FAF46D1A1EEEE70D00E0D235 /* ThirdViewController.swift */; };
/* End PBXBuildFile section */

/* Begin PBXFileReference section */
		FAF46CEB1EEEB2FC00E0D235 /* CPNavigation.app */ = {isa = PBXFileReference; explicitFileType = wrapper.application; includeInIndex = 0; path = CPNavigation.app; sourceTree = BUILT_PRODUCTS_DIR; };
		FAF46CEE1EEEB2FC00E0D235 /* AppDelegate.swift */ = {isa = PBXFileReference; lastKnownFileType = sourcecode.swift; path = AppDelegate.swift; sourceTree = "<group>"; };
		FAF46CF51EEEB2FC00E0D235 /* Assets.xcassets */ = {isa = PBXFileReference; lastKnownFileType = folder.assetcatalog; path = Assets.xcassets; sourceTree = "<group>"; };
		FAF46CFA1EEEB2FC00E0D235 /* Info.plist */ = {isa = PBXFileReference; lastKnownFileType = text.plist.xml; path = Info.plist; sourceTree = "<group>"; };
		FAF46D021EEEB5FE00E0D235 /* Main.storyboard */ = {isa = PBXFileReference; fileEncoding = 4; lastKnownFileType = file.storyboard; path = Main.storyboard; sourceTree = "<group>"; };
		FAF46D031EEEB5FE00E0D235 /* LaunchScreen.storyboard */ = {isa = PBXFileReference; fileEncoding = 4; lastKnownFileType = file.storyboard; path = LaunchScreen.storyboard; sourceTree = "<group>"; };
		FAF46D081EEEB67900E0D235 /* MainViewController.swift */ = {isa = PBXFileReference; fileEncoding = 4; lastKnownFileType = sourcecode.swift; path = MainViewController.swift; sourceTree = "<group>"; };
		FAF46D0A1EEEB6AB00E0D235 /* First.storyboard */ = {isa = PBXFileReference; fileEncoding = 4; lastKnownFileType = file.storyboard; path = First.storyboard; sourceTree = "<group>"; };
		FAF46D0C1EEEB6BB00E0D235 /* Second.storyboard */ = {isa = PBXFileReference; fileEncoding = 4; lastKnownFileType = file.storyboard; path = Second.storyboard; sourceTree = "<group>"; };
		FAF46D0E1EEEB6C800E0D235 /* Third.storyboard */ = {isa = PBXFileReference; fileEncoding = 4; lastKnownFileType = file.storyboard; path = Third.storyboard; sourceTree = "<group>"; };
		FAF46D141EEEC55200E0D235 /* CPView.swift */ = {isa = PBXFileReference; fileEncoding = 4; lastKnownFileType = sourcecode.swift; path = CPView.swift; sourceTree = "<group>"; };
		FAF46D161EEEE6E800E0D235 /* FirstViewController.swift */ = {isa = PBXFileReference; fileEncoding = 4; lastKnownFileType = sourcecode.swift; path = FirstViewController.swift; sourceTree = "<group>"; };
		FAF46D181EEEE6FB00E0D235 /* SecondViewController.swift */ = {isa = PBXFileReference; fileEncoding = 4; lastKnownFileType = sourcecode.swift; path = SecondViewController.swift; sourceTree = "<group>"; };
		FAF46D1A1EEEE70D00E0D235 /* ThirdViewController.swift */ = {isa = PBXFileReference; fileEncoding = 4; lastKnownFileType = sourcecode.swift; path = ThirdViewController.swift; sourceTree = "<group>"; };
/* End PBXFileReference section */

/* Begin PBXFrameworksBuildPhase section */
		FAF46CE81EEEB2FC00E0D235 /* Frameworks */ = {
			isa = PBXFrameworksBuildPhase;
			buildActionMask = 2147483647;
			files = (
			);
			runOnlyForDeploymentPostprocessing = 0;
		};
/* End PBXFrameworksBuildPhase section */

/* Begin PBXGroup section */
		FAF46CE21EEEB2FC00E0D235 = {
			isa = PBXGroup;
			children = (
				FAF46CED1EEEB2FC00E0D235 /* CPNavigation */,
				FAF46CEC1EEEB2FC00E0D235 /* Products */,
			);
			sourceTree = "<group>";
		};
		FAF46CEC1EEEB2FC00E0D235 /* Products */ = {
			isa = PBXGroup;
			children = (
				FAF46CEB1EEEB2FC00E0D235 /* CPNavigation.app */,
			);
			name = Products;
			sourceTree = "<group>";
		};
		FAF46CED1EEEB2FC00E0D235 /* CPNavigation */ = {
			isa = PBXGroup;
			children = (
				FAF46D131EEEC51100E0D235 /* Views */,
				FAF46D011EEEB51000E0D235 /* Storyboards */,
				FAF46D001EEEB47A00E0D235 /* ViewControllers */,
				FAF46CEE1EEEB2FC00E0D235 /* AppDelegate.swift */,
				FAF46CF51EEEB2FC00E0D235 /* Assets.xcassets */,
				FAF46CFA1EEEB2FC00E0D235 /* Info.plist */,
			);
			path = CPNavigation;
			sourceTree = "<group>";
		};
		FAF46D001EEEB47A00E0D235 /* ViewControllers */ = {
			isa = PBXGroup;
			children = (
				FAF46D081EEEB67900E0D235 /* MainViewController.swift */,
				FAF46D161EEEE6E800E0D235 /* FirstViewController.swift */,
				FAF46D181EEEE6FB00E0D235 /* SecondViewController.swift */,
				FAF46D1A1EEEE70D00E0D235 /* ThirdViewController.swift */,
			);
			path = ViewControllers;
			sourceTree = "<group>";
		};
		FAF46D011EEEB51000E0D235 /* Storyboards */ = {
			isa = PBXGroup;
			children = (
				FAF46D021EEEB5FE00E0D235 /* Main.storyboard */,
				FAF46D031EEEB5FE00E0D235 /* LaunchScreen.storyboard */,
				FAF46D0A1EEEB6AB00E0D235 /* First.storyboard */,
				FAF46D0C1EEEB6BB00E0D235 /* Second.storyboard */,
				FAF46D0E1EEEB6C800E0D235 /* Third.storyboard */,
			);
			path = Storyboards;
			sourceTree = "<group>";
		};
		FAF46D131EEEC51100E0D235 /* Views */ = {
			isa = PBXGroup;
			children = (
				FAF46D141EEEC55200E0D235 /* CPView.swift */,
			);
			name = Views;
			path = View;
			sourceTree = "<group>";
		};
/* End PBXGroup section */

/* Begin PBXNativeTarget section */
		FAF46CEA1EEEB2FC00E0D235 /* CPNavigation */ = {
			isa = PBXNativeTarget;
			buildConfigurationList = FAF46CFD1EEEB2FC00E0D235 /* Build configuration list for PBXNativeTarget "CPNavigation" */;
			buildPhases = (
				FAF46CE71EEEB2FC00E0D235 /* Sources */,
				FAF46CE81EEEB2FC00E0D235 /* Frameworks */,
				FAF46CE91EEEB2FC00E0D235 /* Resources */,
			);
			buildRules = (
			);
			dependencies = (
			);
			name = CPNavigation;
			productName = CPNavigation;
			productReference = FAF46CEB1EEEB2FC00E0D235 /* CPNavigation.app */;
			productType = "com.apple.product-type.application";
		};
/* End PBXNativeTarget section */

/* Begin PBXProject section */
		FAF46CE31EEEB2FC00E0D235 /* Project object */ = {
			isa = PBXProject;
			attributes = {
				LastSwiftUpdateCheck = 0830;
				LastUpgradeCheck = 0830;
				ORGANIZATIONNAME = Mikhail_Kotov;
				TargetAttributes = {
					FAF46CEA1EEEB2FC00E0D235 = {
						CreatedOnToolsVersion = 8.3.1;
						DevelopmentTeam = VM4K58RG3Z;
						ProvisioningStyle = Automatic;
					};
				};
			};
			buildConfigurationList = FAF46CE61EEEB2FC00E0D235 /* Build configuration list for PBXProject "CPNavigation" */;
			compatibilityVersion = "Xcode 3.2";
			developmentRegion = English;
			hasScannedForEncodings = 0;
			knownRegions = (
				Base,
			);
			mainGroup = FAF46CE21EEEB2FC00E0D235;
			productRefGroup = FAF46CEC1EEEB2FC00E0D235 /* Products */;
			projectDirPath = "";
			projectRoot = "";
			targets = (
				FAF46CEA1EEEB2FC00E0D235 /* CPNavigation */,
			);
		};
/* End PBXProject section */

/* Begin PBXResourcesBuildPhase section */
		FAF46CE91EEEB2FC00E0D235 /* Resources */ = {
			isa = PBXResourcesBuildPhase;
			buildActionMask = 2147483647;
			files = (
				FAF46D051EEEB5FE00E0D235 /* LaunchScreen.storyboard in Resources */,
				FAF46CF61EEEB2FC00E0D235 /* Assets.xcassets in Resources */,
				FAF46D041EEEB5FE00E0D235 /* Main.storyboard in Resources */,
				FAF46D0D1EEEB6BB00E0D235 /* Second.storyboard in Resources */,
				FAF46D0F1EEEB6C800E0D235 /* Third.storyboard in Resources */,
				FAF46D0B1EEEB6AB00E0D235 /* First.storyboard in Resources */,
			);
			runOnlyForDeploymentPostprocessing = 0;
		};
/* End PBXResourcesBuildPhase section */

/* Begin PBXSourcesBuildPhase section */
		FAF46CE71EEEB2FC00E0D235 /* Sources */ = {
			isa = PBXSourcesBuildPhase;
			buildActionMask = 2147483647;
			files = (
				FAF46D091EEEB67900E0D235 /* MainViewController.swift in Sources */,
				FAF46D171EEEE6E800E0D235 /* FirstViewController.swift in Sources */,
				FAF46D191EEEE6FB00E0D235 /* SecondViewController.swift in Sources */,
				FAF46CEF1EEEB2FC00E0D235 /* AppDelegate.swift in Sources */,
				FAF46D1B1EEEE70D00E0D235 /* ThirdViewController.swift in Sources */,
				FAF46D151EEEC55200E0D235 /* CPView.swift in Sources */,
			);
			runOnlyForDeploymentPostprocessing = 0;
		};
/* End PBXSourcesBuildPhase section */

/* Begin XCBuildConfiguration section */
		FAF46CFB1EEEB2FC00E0D235 /* Debug */ = {
			isa = XCBuildConfiguration;
			buildSettings = {
				ALWAYS_SEARCH_USER_PATHS = NO;
				CLANG_ANALYZER_NONNULL = YES;
				CLANG_ANALYZER_NUMBER_OBJECT_CONVERSION = YES_AGGRESSIVE;
				CLANG_CXX_LANGUAGE_STANDARD = "gnu++0x";
				CLANG_CXX_LIBRARY = "libc++";
				CLANG_ENABLE_MODULES = YES;
				CLANG_ENABLE_OBJC_ARC = YES;
				CLANG_WARN_BOOL_CONVERSION = YES;
				CLANG_WARN_CONSTANT_CONVERSION = YES;
				CLANG_WARN_DIRECT_OBJC_ISA_USAGE = YES_ERROR;
				CLANG_WARN_DOCUMENTATION_COMMENTS = YES;
				CLANG_WARN_EMPTY_BODY = YES;
				CLANG_WARN_ENUM_CONVERSION = YES;
				CLANG_WARN_INFINITE_RECURSION = YES;
				CLANG_WARN_INT_CONVERSION = YES;
				CLANG_WARN_OBJC_ROOT_CLASS = YES_ERROR;
				CLANG_WARN_SUSPICIOUS_MOVE = YES;
				CLANG_WARN_UNREACHABLE_CODE = YES;
				CLANG_WARN__DUPLICATE_METHOD_MATCH = YES;
				"CODE_SIGN_IDENTITY[sdk=iphoneos*]" = "iPhone Developer";
				COPY_PHASE_STRIP = NO;
				DEBUG_INFORMATION_FORMAT = dwarf;
				ENABLE_STRICT_OBJC_MSGSEND = YES;
				ENABLE_TESTABILITY = YES;
				GCC_C_LANGUAGE_STANDARD = gnu99;
				GCC_DYNAMIC_NO_PIC = NO;
				GCC_NO_COMMON_BLOCKS = YES;
				GCC_OPTIMIZATION_LEVEL = 0;
				GCC_PREPROCESSOR_DEFINITIONS = (
					"DEBUG=1",
					"$(inherited)",
				);
				GCC_WARN_64_TO_32_BIT_CONVERSION = YES;
				GCC_WARN_ABOUT_RETURN_TYPE = YES_ERROR;
				GCC_WARN_UNDECLARED_SELECTOR = YES;
				GCC_WARN_UNINITIALIZED_AUTOS = YES_AGGRESSIVE;
				GCC_WARN_UNUSED_FUNCTION = YES;
				GCC_WARN_UNUSED_VARIABLE = YES;
				IPHONEOS_DEPLOYMENT_TARGET = 10.3;
				MTL_ENABLE_DEBUG_INFO = YES;
				ONLY_ACTIVE_ARCH = YES;
				SDKROOT = iphoneos;
				SWIFT_ACTIVE_COMPILATION_CONDITIONS = DEBUG;
				SWIFT_OPTIMIZATION_LEVEL = "-Onone";
				TARGETED_DEVICE_FAMILY = "1,2";
			};
			name = Debug;
		};
		FAF46CFC1EEEB2FC00E0D235 /* Release */ = {
			isa = XCBuildConfiguration;
			buildSettings = {
				ALWAYS_SEARCH_USER_PATHS = NO;
				CLANG_ANALYZER_NONNULL = YES;
				CLANG_ANALYZER_NUMBER_OBJECT_CONVERSION = YES_AGGRESSIVE;
				CLANG_CXX_LANGUAGE_STANDARD = "gnu++0x";
				CLANG_CXX_LIBRARY = "libc++";
				CLANG_ENABLE_MODULES = YES;
				CLANG_ENABLE_OBJC_ARC = YES;
				CLANG_WARN_BOOL_CONVERSION = YES;
				CLANG_WARN_CONSTANT_CONVERSION = YES;
				CLANG_WARN_DIRECT_OBJC_ISA_USAGE = YES_ERROR;
				CLANG_WARN_DOCUMENTATION_COMMENTS = YES;
				CLANG_WARN_EMPTY_BODY = YES;
				CLANG_WARN_ENUM_CONVERSION = YES;
				CLANG_WARN_INFINITE_RECURSION = YES;
				CLANG_WARN_INT_CONVERSION = YES;
				CLANG_WARN_OBJC_ROOT_CLASS = YES_ERROR;
				CLANG_WARN_SUSPICIOUS_MOVE = YES;
				CLANG_WARN_UNREACHABLE_CODE = YES;
				CLANG_WARN__DUPLICATE_METHOD_MATCH = YES;
				"CODE_SIGN_IDENTITY[sdk=iphoneos*]" = "iPhone Developer";
				COPY_PHASE_STRIP = NO;
				DEBUG_INFORMATION_FORMAT = "dwarf-with-dsym";
				ENABLE_NS_ASSERTIONS = NO;
				ENABLE_STRICT_OBJC_MSGSEND = YES;
				GCC_C_LANGUAGE_STANDARD = gnu99;
				GCC_NO_COMMON_BLOCKS = YES;
				GCC_WARN_64_TO_32_BIT_CONVERSION = YES;
				GCC_WARN_ABOUT_RETURN_TYPE = YES_ERROR;
				GCC_WARN_UNDECLARED_SELECTOR = YES;
				GCC_WARN_UNINITIALIZED_AUTOS = YES_AGGRESSIVE;
				GCC_WARN_UNUSED_FUNCTION = YES;
				GCC_WARN_UNUSED_VARIABLE = YES;
				IPHONEOS_DEPLOYMENT_TARGET = 10.3;
				MTL_ENABLE_DEBUG_INFO = NO;
				SDKROOT = iphoneos;
				SWIFT_OPTIMIZATION_LEVEL = "-Owholemodule";
				TARGETED_DEVICE_FAMILY = "1,2";
				VALIDATE_PRODUCT = YES;
			};
			name = Release;
		};
		FAF46CFE1EEEB2FC00E0D235 /* Debug */ = {
			isa = XCBuildConfiguration;
			buildSettings = {
				ASSETCATALOG_COMPILER_APPICON_NAME = AppIcon;
				DEVELOPMENT_TEAM = VM4K58RG3Z;
				INFOPLIST_FILE = CPNavigation/Info.plist;
				IPHONEOS_DEPLOYMENT_TARGET = 9.1;
				LD_RUNPATH_SEARCH_PATHS = "$(inherited) @executable_path/Frameworks";
				PRODUCT_BUNDLE_IDENTIFIER = com.miko1712.CPNavigation;
				PRODUCT_NAME = "$(TARGET_NAME)";
				SWIFT_VERSION = 3.0;
			};
			name = Debug;
		};
		FAF46CFF1EEEB2FC00E0D235 /* Release */ = {
			isa = XCBuildConfiguration;
			buildSettings = {
				ASSETCATALOG_COMPILER_APPICON_NAME = AppIcon;
				DEVELOPMENT_TEAM = VM4K58RG3Z;
				INFOPLIST_FILE = CPNavigation/Info.plist;
				IPHONEOS_DEPLOYMENT_TARGET = 9.1;
				LD_RUNPATH_SEARCH_PATHS = "$(inherited) @executable_path/Frameworks";
				PRODUCT_BUNDLE_IDENTIFIER = com.miko1712.CPNavigation;
				PRODUCT_NAME = "$(TARGET_NAME)";
				SWIFT_VERSION = 3.0;
			};
			name = Release;
		};
/* End XCBuildConfiguration section */

/* Begin XCConfigurationList section */
		FAF46CE61EEEB2FC00E0D235 /* Build configuration list for PBXProject "CPNavigation" */ = {
			isa = XCConfigurationList;
			buildConfigurations = (
				FAF46CFB1EEEB2FC00E0D235 /* Debug */,
				FAF46CFC1EEEB2FC00E0D235 /* Release */,
			);
			defaultConfigurationIsVisible = 0;
			defaultConfigurationName = Release;
		};
		FAF46CFD1EEEB2FC00E0D235 /* Build configuration list for PBXNativeTarget "CPNavigation" */ = {
			isa = XCConfigurationList;
			buildConfigurations = (
				FAF46CFE1EEEB2FC00E0D235 /* Debug */,
				FAF46CFF1EEEB2FC00E0D235 /* Release */,
			);
			defaultConfigurationIsVisible = 0;
			defaultConfigurationName = Release;
		};
/* End XCConfigurationList section */
	};
	rootObject = FAF46CE31EEEB2FC00E0D235 /* Project object */;
}
